// !$*UTF8*$!
{
	archiveVersion = 1;
	classes = {
	};
	objectVersion = 48;
	objects = {

/* Begin PBXBuildFile section */
		7764BAF61FE8F2BC00B4F688 /* AppDelegate.swift in Sources */ = {isa = PBXBuildFile; fileRef = 7764BAF51FE8F2BC00B4F688 /* AppDelegate.swift */; };
		7764BAF81FE8F2BC00B4F688 /* ViewController.swift in Sources */ = {isa = PBXBuildFile; fileRef = 7764BAF71FE8F2BC00B4F688 /* ViewController.swift */; };
		7764BAFB1FE8F2BC00B4F688 /* Main.storyboard in Resources */ = {isa = PBXBuildFile; fileRef = 7764BAF91FE8F2BC00B4F688 /* Main.storyboard */; };
		7764BAFD1FE8F2BC00B4F688 /* Assets.xcassets in Resources */ = {isa = PBXBuildFile; fileRef = 7764BAFC1FE8F2BC00B4F688 /* Assets.xcassets */; };
		7764BB001FE8F2BC00B4F688 /* LaunchScreen.storyboard in Resources */ = {isa = PBXBuildFile; fileRef = 7764BAFE1FE8F2BC00B4F688 /* LaunchScreen.storyboard */; };
		7764BB081FE8F2DC00B4F688 /* SycRequest.swift in Sources */ = {isa = PBXBuildFile; fileRef = 7764BB071FE8F2DC00B4F688 /* SycRequest.swift */; };
/* End PBXBuildFile section */

/* Begin PBXFileReference section */
		7764BAF21FE8F2BC00B4F688 /* UrlSessionDemo.app */ = {isa = PBXFileReference; explicitFileType = wrapper.application; includeInIndex = 0; path = UrlSessionDemo.app; sourceTree = BUILT_PRODUCTS_DIR; };
		7764BAF51FE8F2BC00B4F688 /* AppDelegate.swift */ = {isa = PBXFileReference; lastKnownFileType = sourcecode.swift; path = AppDelegate.swift; sourceTree = "<group>"; };
		7764BAF71FE8F2BC00B4F688 /* ViewController.swift */ = {isa = PBXFileReference; lastKnownFileType = sourcecode.swift; path = ViewController.swift; sourceTree = "<group>"; };
		7764BAFA1FE8F2BC00B4F688 /* Base */ = {isa = PBXFileReference; lastKnownFileType = file.storyboard; name = Base; path = Base.lproj/Main.storyboard; sourceTree = "<group>"; };
		7764BAFC1FE8F2BC00B4F688 /* Assets.xcassets */ = {isa = PBXFileReference; lastKnownFileType = folder.assetcatalog; path = Assets.xcassets; sourceTree = "<group>"; };
		7764BAFF1FE8F2BC00B4F688 /* Base */ = {isa = PBXFileReference; lastKnownFileType = file.storyboard; name = Base; path = Base.lproj/LaunchScreen.storyboard; sourceTree = "<group>"; };
		7764BB011FE8F2BC00B4F688 /* Info.plist */ = {isa = PBXFileReference; lastKnownFileType = text.plist.xml; path = Info.plist; sourceTree = "<group>"; };
		7764BB071FE8F2DC00B4F688 /* SycRequest.swift */ = {isa = PBXFileReference; fileEncoding = 4; lastKnownFileType = sourcecode.swift; path = SycRequest.swift; sourceTree = "<group>"; };
/* End PBXFileReference section */

/* Begin PBXFrameworksBuildPhase section */
		7764BAEF1FE8F2BC00B4F688 /* Frameworks */ = {
			isa = PBXFrameworksBuildPhase;
			buildActionMask = 2147483647;
			files = (
			);
			runOnlyForDeploymentPostprocessing = 0;
		};
/* End PBXFrameworksBuildPhase section */

/* Begin PBXGroup section */
		7764BAE91FE8F2BC00B4F688 = {
			isa = PBXGroup;
			children = (
				7764BAF41FE8F2BC00B4F688 /* UrlSessionDemo */,
				7764BAF31FE8F2BC00B4F688 /* Products */,
			);
			sourceTree = "<group>";
		};
		7764BAF31FE8F2BC00B4F688 /* Products */ = {
			isa = PBXGroup;
			children = (
				7764BAF21FE8F2BC00B4F688 /* UrlSessionDemo.app */,
			);
			name = Products;
			sourceTree = "<group>";
		};
		7764BAF41FE8F2BC00B4F688 /* UrlSessionDemo */ = {
			isa = PBXGroup;
			children = (
				7764BAF51FE8F2BC00B4F688 /* AppDelegate.swift */,
				7764BAF71FE8F2BC00B4F688 /* ViewController.swift */,
				7764BB071FE8F2DC00B4F688 /* SycRequest.swift */,
				7764BAF91FE8F2BC00B4F688 /* Main.storyboard */,
				7764BAFC1FE8F2BC00B4F688 /* Assets.xcassets */,
				7764BAFE1FE8F2BC00B4F688 /* LaunchScreen.storyboard */,
				7764BB011FE8F2BC00B4F688 /* Info.plist */,
			);
			path = UrlSessionDemo;
			sourceTree = "<group>";
		};
/* End PBXGroup section */

/* Begin PBXNativeTarget section */
		7764BAF11FE8F2BC00B4F688 /* UrlSessionDemo */ = {
			isa = PBXNativeTarget;
			buildConfigurationList = 7764BB041FE8F2BC00B4F688 /* Build configuration list for PBXNativeTarget "UrlSessionDemo" */;
			buildPhases = (
				7764BAEE1FE8F2BC00B4F688 /* Sources */,
				7764BAEF1FE8F2BC00B4F688 /* Frameworks */,
				7764BAF01FE8F2BC00B4F688 /* Resources */,
			);
			buildRules = (
			);
			dependencies = (
			);
			name = UrlSessionDemo;
			productName = UrlSessionDemo;
			productReference = 7764BAF21FE8F2BC00B4F688 /* UrlSessionDemo.app */;
			productType = "com.apple.product-type.application";
		};
/* End PBXNativeTarget section */

/* Begin PBXProject section */
		7764BAEA1FE8F2BC00B4F688 /* Project object */ = {
			isa = PBXProject;
			attributes = {
				LastSwiftUpdateCheck = 0910;
				LastUpgradeCheck = 0910;
				ORGANIZATIONNAME = syc;
				TargetAttributes = {
					7764BAF11FE8F2BC00B4F688 = {
						CreatedOnToolsVersion = 9.1;
						ProvisioningStyle = Automatic;
					};
				};
			};
			buildConfigurationList = 7764BAED1FE8F2BC00B4F688 /* Build configuration list for PBXProject "UrlSessionDemo" */;
			compatibilityVersion = "Xcode 8.0";
			developmentRegion = en;
			hasScannedForEncodings = 0;
			knownRegions = (
				en,
				Base,
			);
			mainGroup = 7764BAE91FE8F2BC00B4F688;
			productRefGroup = 7764BAF31FE8F2BC00B4F688 /* Products */;
			projectDirPath = "";
			projectRoot = "";
			targets = (
				7764BAF11FE8F2BC00B4F688 /* UrlSessionDemo */,
			);
		};
/* End PBXProject section */

/* Begin PBXResourcesBuildPhase section */
		7764BAF01FE8F2BC00B4F688 /* Resources */ = {
			isa = PBXResourcesBuildPhase;
			buildActionMask = 2147483647;
			files = (
				7764BB001FE8F2BC00B4F688 /* LaunchScreen.storyboard in Resources */,
				7764BAFD1FE8F2BC00B4F688 /* Assets.xcassets in Resources */,
				7764BAFB1FE8F2BC00B4F688 /* Main.storyboard in Resources */,
			);
			runOnlyForDeploymentPostprocessing = 0;
		};
/* End PBXResourcesBuildPhase section */

/* Begin PBXSourcesBuildPhase section */
		7764BAEE1FE8F2BC00B4F688 /* Sources */ = {
			isa = PBXSourcesBuildPhase;
			buildActionMask = 2147483647;
			files = (
				7764BAF81FE8F2BC00B4F688 /* ViewController.swift in Sources */,
				7764BB081FE8F2DC00B4F688 /* SycRequest.swift in Sources */,
				7764BAF61FE8F2BC00B4F688 /* AppDelegate.swift in Sources */,
			);
			runOnlyForDeploymentPostprocessing = 0;
		};
/* End PBXSourcesBuildPhase section */

/* Begin PBXVariantGroup section */
		7764BAF91FE8F2BC00B4F688 /* Main.storyboard */ = {
			isa = PBXVariantGroup;
			children = (
				7764BAFA1FE8F2BC00B4F688 /* Base */,
			);
			name = Main.storyboard;
			sourceTree = "<group>";
		};
		7764BAFE1FE8F2BC00B4F688 /* LaunchScreen.storyboard */ = {
			isa = PBXVariantGroup;
			children = (
				7764BAFF1FE8F2BC00B4F688 /* Base */,
			);
			name = LaunchScreen.storyboard;
			sourceTree = "<group>";
		};
/* End PBXVariantGroup section */

/* Begin XCBuildConfiguration section */
		7764BB021FE8F2BC00B4F688 /* Debug */ = {
			isa = XCBuildConfiguration;
			buildSettings = {
				ALWAYS_SEARCH_USER_PATHS = NO;
				CLANG_ANALYZER_NONNULL = YES;
				CLANG_ANALYZER_NUMBER_OBJECT_CONVERSION = YES_AGGRESSIVE;
				CLANG_CXX_LANGUAGE_STANDARD = "gnu++14";
				CLANG_CXX_LIBRARY = "libc++";
				CLANG_ENABLE_MODULES = YES;
				CLANG_ENABLE_OBJC_ARC = YES;
				CLANG_WARN_BLOCK_CAPTURE_AUTORELEASING = YES;
				CLANG_WARN_BOOL_CONVERSION = YES;
				CLANG_WARN_COMMA = YES;
				CLANG_WARN_CONSTANT_CONVERSION = YES;
				CLANG_WARN_DIRECT_OBJC_ISA_USAGE = YES_ERROR;
				CLANG_WARN_DOCUMENTATION_COMMENTS = YES;
				CLANG_WARN_EMPTY_BODY = YES;
				CLANG_WARN_ENUM_CONVERSION = YES;
				CLANG_WARN_INFINITE_RECURSION = YES;
				CLANG_WARN_INT_CONVERSION = YES;
				CLANG_WARN_NON_LITERAL_NULL_CONVERSION = YES;
				CLANG_WARN_OBJC_LITERAL_CONVERSION = YES;
				CLANG_WARN_OBJC_ROOT_CLASS = YES_ERROR;
				CLANG_WARN_RANGE_LOOP_ANALYSIS = YES;
				CLANG_WARN_STRICT_PROTOTYPES = YES;
				CLANG_WARN_SUSPICIOUS_MOVE = YES;
				CLANG_WARN_UNGUARDED_AVAILABILITY = YES_AGGRESSIVE;
				CLANG_WARN_UNREACHABLE_CODE = YES;
				CLANG_WARN__DUPLICATE_METHOD_MATCH = YES;
				CODE_SIGN_IDENTITY = "iPhone Developer";
				COPY_PHASE_STRIP = NO;
				DEBUG_INFORMATION_FORMAT = dwarf;
				ENABLE_STRICT_OBJC_MSGSEND = YES;
				ENABLE_TESTABILITY = YES;
				GCC_C_LANGUAGE_STANDARD = gnu11;
				GCC_DYNAMIC_NO_PIC = NO;
				GCC_NO_COMMON_BLOCKS = YES;
				GCC_OPTIMIZATION_LEVEL = 0;
				GCC_PREPROCESSOR_DEFINITIONS = (
					"DEBUG=1",
					"$(inherited)",
				);
				GCC_WARN_64_TO_32_BIT_CONVERSION = YES;
				GCC_WARN_ABOUT_RETURN_TYPE = YES_ERROR;
				GCC_WARN_UNDECLARED_SELECTOR = YES;
				GCC_WARN_UNINITIALIZED_AUTOS = YES_AGGRESSIVE;
				GCC_WARN_UNUSED_FUNCTION = YES;
				GCC_WARN_UNUSED_VARIABLE = YES;
				IPHONEOS_DEPLOYMENT_TARGET = 11.1;
				MTL_ENABLE_DEBUG_INFO = YES;
				ONLY_ACTIVE_ARCH = YES;
				SDKROOT = iphoneos;
				SWIFT_ACTIVE_COMPILATION_CONDITIONS = DEBUG;
				SWIFT_OPTIMIZATION_LEVEL = "-Onone";
			};
			name = Debug;
		};
		7764BB031FE8F2BC00B4F688 /* Release */ = {
			isa = XCBuildConfiguration;
			buildSettings = {
				ALWAYS_SEARCH_USER_PATHS = NO;
				CLANG_ANALYZER_NONNULL = YES;
				CLANG_ANALYZER_NUMBER_OBJECT_CONVERSION = YES_AGGRESSIVE;
				CLANG_CXX_LANGUAGE_STANDARD = "gnu++14";
				CLANG_CXX_LIBRARY = "libc++";
				CLANG_ENABLE_MODULES = YES;
				CLANG_ENABLE_OBJC_ARC = YES;
				CLANG_WARN_BLOCK_CAPTURE_AUTORELEASING = YES;
				CLANG_WARN_BOOL_CONVERSION = YES;
				CLANG_WARN_COMMA = YES;
				CLANG_WARN_CONSTANT_CONVERSION = YES;
				CLANG_WARN_DIRECT_OBJC_ISA_USAGE = YES_ERROR;
				CLANG_WARN_DOCUMENTATION_COMMENTS = YES;
				CLANG_WARN_EMPTY_BODY = YES;
				CLANG_WARN_ENUM_CONVERSION = YES;
				CLANG_WARN_INFINITE_RECURSION = YES;
				CLANG_WARN_INT_CONVERSION = YES;
				CLANG_WARN_NON_LITERAL_NULL_CONVERSION = YES;
				CLANG_WARN_OBJC_LITERAL_CONVERSION = YES;
				CLANG_WARN_OBJC_ROOT_CLASS = YES_ERROR;
				CLANG_WARN_RANGE_LOOP_ANALYSIS = YES;
				CLANG_WARN_STRICT_PROTOTYPES = YES;
				CLANG_WARN_SUSPICIOUS_MOVE = YES;
				CLANG_WARN_UNGUARDED_AVAILABILITY = YES_AGGRESSIVE;
				CLANG_WARN_UNREACHABLE_CODE = YES;
				CLANG_WARN__DUPLICATE_METHOD_MATCH = YES;
				CODE_SIGN_IDENTITY = "iPhone Developer";
				COPY_PHASE_STRIP = NO;
				DEBUG_INFORMATION_FORMAT = "dwarf-with-dsym";
				ENABLE_NS_ASSERTIONS = NO;
				ENABLE_STRICT_OBJC_MSGSEND = YES;
				GCC_C_LANGUAGE_STANDARD = gnu11;
				GCC_NO_COMMON_BLOCKS = YES;
				GCC_WARN_64_TO_32_BIT_CONVERSION = YES;
				GCC_WARN_ABOUT_RETURN_TYPE = YES_ERROR;
				GCC_WARN_UNDECLARED_SELECTOR = YES;
				GCC_WARN_UNINITIALIZED_AUTOS = YES_AGGRESSIVE;
				GCC_WARN_UNUSED_FUNCTION = YES;
				GCC_WARN_UNUSED_VARIABLE = YES;
				IPHONEOS_DEPLOYMENT_TARGET = 11.1;
				MTL_ENABLE_DEBUG_INFO = NO;
				SDKROOT = iphoneos;
				SWIFT_OPTIMIZATION_LEVEL = "-Owholemodule";
				VALIDATE_PRODUCT = YES;
			};
			name = Release;
		};
		7764BB051FE8F2BC00B4F688 /* Debug */ = {
			isa = XCBuildConfiguration;
			buildSettings = {
				ASSETCATALOG_COMPILER_APPICON_NAME = AppIcon;
				CODE_SIGN_STYLE = Automatic;
				DEVELOPMENT_TEAM = XQP5327YF6;
				INFOPLIST_FILE = UrlSessionDemo/Info.plist;
				LD_RUNPATH_SEARCH_PATHS = "$(inherited) @executable_path/Frameworks";
				PRODUCT_BUNDLE_IDENTIFIER = cn.syc.demo;
				PRODUCT_NAME = "$(TARGET_NAME)";
				SWIFT_VERSION = 4.0;
				TARGETED_DEVICE_FAMILY = "1,2";
			};
			name = Debug;
		};
		7764BB061FE8F2BC00B4F688 /* Release */ = {
			isa = XCBuildConfiguration;
			buildSettings = {
				ASSETCATALOG_COMPILER_APPICON_NAME = AppIcon;
				CODE_SIGN_STYLE = Automatic;
				DEVELOPMENT_TEAM = XQP5327YF6;
				INFOPLIST_FILE = UrlSessionDemo/Info.plist;
				LD_RUNPATH_SEARCH_PATHS = "$(inherited) @executable_path/Frameworks";
				PRODUCT_BUNDLE_IDENTIFIER = cn.syc.demo;
				PRODUCT_NAME = "$(TARGET_NAME)";
				SWIFT_VERSION = 4.0;
				TARGETED_DEVICE_FAMILY = "1,2";
			};
			name = Release;
		};
/* End XCBuildConfiguration section */

/* Begin XCConfigurationList section */
		7764BAED1FE8F2BC00B4F688 /* Build configuration list for PBXProject "UrlSessionDemo" */ = {
			isa = XCConfigurationList;
			buildConfigurations = (
				7764BB021FE8F2BC00B4F688 /* Debug */,
				7764BB031FE8F2BC00B4F688 /* Release */,
			);
			defaultConfigurationIsVisible = 0;
			defaultConfigurationName = Release;
		};
		7764BB041FE8F2BC00B4F688 /* Build configuration list for PBXNativeTarget "UrlSessionDemo" */ = {
			isa = XCConfigurationList;
			buildConfigurations = (
				7764BB051FE8F2BC00B4F688 /* Debug */,
				7764BB061FE8F2BC00B4F688 /* Release */,
			);
			defaultConfigurationIsVisible = 0;
			defaultConfigurationName = Release;
		};
/* End XCConfigurationList section */
	};
	rootObject = 7764BAEA1FE8F2BC00B4F688 /* Project object */;
}
